
Microsoft Visual Studio Solution File, Format Version 12.00
# Visual Studio Version 17
VisualStudioVersion = 17.6.33712.159
MinimumVisualStudioVersion = 10.0.40219.1
Project("{9A19103F-16F7-4668-BE54-9A1E7A4F7556}") = "TimeSeriesFixer", "TimeSeriesFixer\TimeSeriesFixer.csproj", "{730FFEFB-CDFE-468B-9293-71B75ECE6FA4}"
EndProject
Project("{FAE04EC0-301F-11D3-BF4B-00C04F79EFBC}") = "TimeSeriesFiller", "TimeSeriesFiller\TimeSeriesFiller.csproj", "{32FE6E32-3451-4C84-9E14-5272D5212AF7}"
EndProject
Project("{FAE04EC0-301F-11D3-BF4B-00C04F79EFBC}") = "TimeSeriesCommon", "TimeSeriesCommon\TimeSeriesCommon.csproj", "{99457089-FDBC-44D8-AE3B-4E35A7ED6647}"
EndProject
Global
	GlobalSection(SolutionConfigurationPlatforms) = preSolution
		Debug|Any CPU = Debug|Any CPU
		Release|Any CPU = Release|Any CPU
	EndGlobalSection
	GlobalSection(ProjectConfigurationPlatforms) = postSolution
		{730FFEFB-CDFE-468B-9293-71B75ECE6FA4}.Debug|Any CPU.ActiveCfg = Debug|Any CPU
		{730FFEFB-CDFE-468B-9293-71B75ECE6FA4}.Debug|Any CPU.Build.0 = Debug|Any CPU
		{730FFEFB-CDFE-468B-9293-71B75ECE6FA4}.Release|Any CPU.ActiveCfg = Release|Any CPU
		{730FFEFB-CDFE-468B-9293-71B75ECE6FA4}.Release|Any CPU.Build.0 = Release|Any CPU
		{32FE6E32-3451-4C84-9E14-5272D5212AF7}.Debug|Any CPU.ActiveCfg = Debug|Any CPU
		{32FE6E32-3451-4C84-9E14-5272D5212AF7}.Debug|Any CPU.Build.0 = Debug|Any CPU
		{32FE6E32-3451-4C84-9E14-5272D5212AF7}.Release|Any CPU.ActiveCfg = Release|Any CPU
		{32FE6E32-3451-4C84-9E14-5272D5212AF7}.Release|Any CPU.Build.0 = Release|Any CPU
		{99457089-FDBC-44D8-AE3B-4E35A7ED6647}.Debug|Any CPU.ActiveCfg = Debug|Any CPU
		{99457089-FDBC-44D8-AE3B-4E35A7ED6647}.Debug|Any CPU.Build.0 = Debug|Any CPU
		{99457089-FDBC-44D8-AE3B-4E35A7ED6647}.Release|Any CPU.ActiveCfg = Release|Any CPU
		{99457089-FDBC-44D8-AE3B-4E35A7ED6647}.Release|Any CPU.Build.0 = Release|Any CPU
	EndGlobalSection
	GlobalSection(SolutionProperties) = preSolution
		HideSolutionNode = FALSE
	EndGlobalSection
	GlobalSection(ExtensibilityGlobals) = postSolution
		SolutionGuid = {E6F227BD-4284-408E-B10E-760C440B6D4A}
	EndGlobalSection
EndGlobal
